{
  "name": "waddl",
  "version": "0.1.0",
  "lockfileVersion": 3,
  "requires": true,
  "packages": {
    "": {
      "name": "waddl",
      "version": "0.1.0",
      "license": "Apache-2.0",
      "workspaces": [
        "packages/*",
        "website"
      ]
    },
    "node_modules/@waddl/claude-code-plugin": {
      "resolved": "packages/claude-code-plugin",
      "link": true
    },
    "node_modules/@waddl/experiment-dashboard": {
      "resolved": "packages/experiment-dashboard",
      "link": true
    },
    "node_modules/@waddl/learning-engine": {
      "resolved": "packages/learning-engine",
      "link": true
    },
    "node_modules/typescript": {
      "version": "5.9.3",
      "resolved": "https://registry.npmjs.org/typescript/-/typescript-5.9.3.tgz",
      "integrity": "sha512-jl1vZzPDinLr9eUt3J/t7V6FgNEw9QjvBPdysz9KfQDD41fQrC2Y4vKQdiaUpFT4bXlb1RHhLpp8wtm6M5TgSw==",
      "dev": true,
      "bin": {
        "tsc": "bin/tsc",
        "tsserver": "bin/tsserver"
      },
      "engines": {
        "node": ">=14.17"
      }
    },
    "packages/claude-code-plugin": {
      "name": "@waddl/claude-code-plugin",
      "version": "0.1.0",
      "license": "Apache-2.0",
      "dependencies": {
        "@waddl/learning-engine": "0.1.0"
      }
    },
    "packages/experiment-dashboard": {
      "name": "@waddl/experiment-dashboard",
      "version": "0.1.0",
      "license": "Apache-2.0"
    },
    "packages/learning-engine": {
      "name": "@waddl/learning-engine",
      "version": "0.1.0",
      "license": "Apache-2.0",
      "devDependencies": {
        "typescript": "^5.4.0"
      }
    }
  }
}
